schema: '2.0'
stages:
  collect_data:
    cmd: "python scripts/run_competition_between_players.py --n_games 100 --player_classes
      random,random --log_directory_path data/game_logs/\n"
    deps:
    - path: scripts/run_competition_between_players.py
      md5: 46ff08add46ad868797ff47b75e69d0c
      size: 4187
    outs:
    - path: data/game_logs/
      md5: 3ecbc75c7606407e92d88ba8d60f78fe.dir
      size: 7959972614
      nfiles: 100
  preprocess_data:
    cmd: "python scripts/preprocess_game_logs.py --game_logs_folder_path data/game_logs/
      --output_h5_path data/preprocessed_game_logs.h5\n"
    deps:
    - path: data/game_logs/
      md5: 3ecbc75c7606407e92d88ba8d60f78fe.dir
      size: 7959972614
      nfiles: 100
    - path: scripts/preprocess_game_logs.py
      md5: b1d10d2154246c08ba9b76a5ca02fcad
      size: 6344
    outs:
    - path: data/preprocessed_game_logs.h5
      md5: b45b3473641f49177018a0f0c7c45b4c
      size: 709738024
